
Microsoft Visual Studio Solution File, Format Version 12.00
# Visual Studio 15
VisualStudioVersion = 15.0.28307.329
MinimumVisualStudioVersion = 10.0.40219.1
Project("{FAE04EC0-301F-11D3-BF4B-00C04F79EFBC}") = "LinqLibrary", "LinqLibrary\LinqLibrary.csproj", "{8A8660B4-816A-4433-91F0-F6E3C5D38263}"
EndProject
Project("{FAE04EC0-301F-11D3-BF4B-00C04F79EFBC}") = "TestLinqLibrary", "TestLinqLibrary\TestLinqLibrary.csproj", "{C10322FA-BC50-46FF-B174-BC86702E27FC}"
EndProject
Global
	GlobalSection(SolutionConfigurationPlatforms) = preSolution
		Debug|Any CPU = Debug|Any CPU
		Release|Any CPU = Release|Any CPU
	EndGlobalSection
	GlobalSection(ProjectConfigurationPlatforms) = postSolution
		{8A8660B4-816A-4433-91F0-F6E3C5D38263}.Debug|Any CPU.ActiveCfg = Debug|Any CPU
		{8A8660B4-816A-4433-91F0-F6E3C5D38263}.Debug|Any CPU.Build.0 = Debug|Any CPU
		{8A8660B4-816A-4433-91F0-F6E3C5D38263}.Release|Any CPU.ActiveCfg = Release|Any CPU
		{8A8660B4-816A-4433-91F0-F6E3C5D38263}.Release|Any CPU.Build.0 = Release|Any CPU
		{C10322FA-BC50-46FF-B174-BC86702E27FC}.Debug|Any CPU.ActiveCfg = Debug|Any CPU
		{C10322FA-BC50-46FF-B174-BC86702E27FC}.Debug|Any CPU.Build.0 = Debug|Any CPU
		{C10322FA-BC50-46FF-B174-BC86702E27FC}.Release|Any CPU.ActiveCfg = Release|Any CPU
		{C10322FA-BC50-46FF-B174-BC86702E27FC}.Release|Any CPU.Build.0 = Release|Any CPU
	EndGlobalSection
	GlobalSection(SolutionProperties) = preSolution
		HideSolutionNode = FALSE
	EndGlobalSection
	GlobalSection(ExtensibilityGlobals) = postSolution
		SolutionGuid = {9056FDFE-69D5-4112-AA8F-B17FC649A20B}
	EndGlobalSection
EndGlobal
